PODS:
  - boost (1.76.0)
  - DoubleConversion (1.1.6)
  - FBLazyVector (0.72.14)
  - FBReactNativeSpec (0.72.14):
    - RCT-Folly (= 2021.07.22.00)
    - RCTRequired (= 0.72.14)
    - RCTTypeSafety (= 0.72.14)
    - React-Core (= 0.72.14)
    - React-jsi (= 0.72.14)
    - ReactCommon/turbomodule/core (= 0.72.14)
  - fmt (6.2.1)
  - glog (0.3.5)
  - hermes-engine (0.72.14):
    - hermes-engine/Pre-built (= 0.72.14)
  - hermes-engine/Pre-built (0.72.14)
  - libevent (2.1.12)
  - RCT-Folly (2021.07.22.00):
    - boost
    - DoubleConversion
    - fmt (~> 6.2.1)
    - glog
    - RCT-Folly/Default (= 2021.07.22.00)
  - RCT-Folly/Default (2021.07.22.00):
    - boost
    - DoubleConversion
    - fmt (~> 6.2.1)
    - glog
  - RCT-Folly/Futures (2021.07.22.00):
    - boost
    - DoubleConversion
    - fmt (~> 6.2.1)
    - glog
    - libevent
  - RCTRequired (0.72.14)
  - RCTTypeSafety (0.72.14):
    - FBLazyVector (= 0.72.14)
    - RCTRequired (= 0.72.14)
    - React-Core (= 0.72.14)
  - React (0.72.14):
    - React-Core (= 0.72.14)
    - React-Core/DevSupport (= 0.72.14)
    - React-Core/RCTWebSocket (= 0.72.14)
    - React-RCTActionSheet (= 0.72.14)
    - React-RCTAnimation (= 0.72.14)
    - React-RCTBlob (= 0.72.14)
    - React-RCTImage (= 0.72.14)
    - React-RCTLinking (= 0.72.14)
    - React-RCTNetwork (= 0.72.14)
    - React-RCTSettings (= 0.72.14)
    - React-RCTText (= 0.72.14)
    - React-RCTVibration (= 0.72.14)
  - React-callinvoker (0.72.14)
  - React-Codegen (0.72.14):
    - DoubleConversion
    - FBReactNativeSpec
    - glog
    - hermes-engine
    - RCT-Folly
    - RCTRequired
    - RCTTypeSafety
    - React-Core
    - React-jsi
    - React-jsiexecutor
    - React-NativeModulesApple
    - React-rncore
    - ReactCommon/turbomodule/bridging
    - ReactCommon/turbomodule/core
  - React-Core (0.72.14):
    - glog
    - hermes-engine
    - RCT-Folly (= 2021.07.22.00)
    - React-Core/Default (= 0.72.14)
    - React-cxxreact
    - React-hermes
    - React-jsi
    - React-jsiexecutor
    - React-perflogger
    - React-runtimeexecutor
    - React-utils
    - SocketRocket (= 0.6.1)
    - Yoga
  - React-Core/CoreModulesHeaders (0.72.14):
    - glog
    - hermes-engine
    - RCT-Folly (= 2021.07.22.00)
    - React-Core/Default
    - React-cxxreact
    - React-hermes
    - React-jsi
    - React-jsiexecutor
    - React-perflogger
    - React-runtimeexecutor
    - React-utils
    - SocketRocket (= 0.6.1)
    - Yoga
  - React-Core/Default (0.72.14):
    - glog
    - hermes-engine
    - RCT-Folly (= 2021.07.22.00)
    - React-cxxreact
    - React-hermes
    - React-jsi
    - React-jsiexecutor
    - React-perflogger
    - React-runtimeexecutor
    - React-utils
    - SocketRocket (= 0.6.1)
    - Yoga
  - React-Core/DevSupport (0.72.14):
    - glog
    - hermes-engine
    - RCT-Folly (= 2021.07.22.00)
    - React-Core/Default (= 0.72.14)
    - React-Core/RCTWebSocket (= 0.72.14)
    - React-cxxreact
    - React-hermes
    - React-jsi
    - React-jsiexecutor
    - React-jsinspector (= 0.72.14)
    - React-perflogger
    - React-runtimeexecutor
    - React-utils
    - SocketRocket (= 0.6.1)
    - Yoga
  - React-Core/RCTActionSheetHeaders (0.72.14):
    - glog
    - hermes-engine
    - RCT-Folly (= 2021.07.22.00)
    - React-Core/Default
    - React-cxxreact
    - React-hermes
    - React-jsi
    - React-jsiexecutor
    - React-perflogger
    - React-runtimeexecutor
    - React-utils
    - SocketRocket (= 0.6.1)
    - Yoga
  - React-Core/RCTAnimationHeaders (0.72.14):
    - glog
    - hermes-engine
    - RCT-Folly (= 2021.07.22.00)
    - React-Core/Default
    - React-cxxreact
    - React-hermes
    - React-jsi
    - React-jsiexecutor
    - React-perflogger
    - React-runtimeexecutor
    - React-utils
    - SocketRocket (= 0.6.1)
    - Yoga
  - React-Core/RCTBlobHeaders (0.72.14):
    - glog
    - hermes-engine
    - RCT-Folly (= 2021.07.22.00)
    - React-Core/Default
    - React-cxxreact
    - React-hermes
    - React-jsi
    - React-jsiexecutor
    - React-perflogger
    - React-runtimeexecutor
    - React-utils
    - SocketRocket (= 0.6.1)
    - Yoga
  - React-Core/RCTImageHeaders (0.72.14):
    - glog
    - hermes-engine
    - RCT-Folly (= 2021.07.22.00)
    - React-Core/Default
    - React-cxxreact
    - React-hermes
    - React-jsi
    - React-jsiexecutor
    - React-perflogger
    - React-runtimeexecutor
    - React-utils
    - SocketRocket (= 0.6.1)
    - Yoga
  - React-Core/RCTLinkingHeaders (0.72.14):
    - glog
    - hermes-engine
    - RCT-Folly (= 2021.07.22.00)
    - React-Core/Default
    - React-cxxreact
    - React-hermes
    - React-jsi
    - React-jsiexecutor
    - React-perflogger
    - React-runtimeexecutor
    - React-utils
    - SocketRocket (= 0.6.1)
    - Yoga
  - React-Core/RCTNetworkHeaders (0.72.14):
    - glog
    - hermes-engine
    - RCT-Folly (= 2021.07.22.00)
    - React-Core/Default
    - React-cxxreact
    - React-hermes
    - React-jsi
    - React-jsiexecutor
    - React-perflogger
    - React-runtimeexecutor
    - React-utils
    - SocketRocket (= 0.6.1)
    - Yoga
  - React-Core/RCTSettingsHeaders (0.72.14):
    - glog
    - hermes-engine
    - RCT-Folly (= 2021.07.22.00)
    - React-Core/Default
    - React-cxxreact
    - React-hermes
    - React-jsi
    - React-jsiexecutor
    - React-perflogger
    - React-runtimeexecutor
    - React-utils
    - SocketRocket (= 0.6.1)
    - Yoga
  - React-Core/RCTTextHeaders (0.72.14):
    - glog
    - hermes-engine
    - RCT-Folly (= 2021.07.22.00)
    - React-Core/Default
    - React-cxxreact
    - React-hermes
    - React-jsi
    - React-jsiexecutor
    - React-perflogger
    - React-runtimeexecutor
    - React-utils
    - SocketRocket (= 0.6.1)
    - Yoga
  - React-Core/RCTVibrationHeaders (0.72.14):
    - glog
    - hermes-engine
    - RCT-Folly (= 2021.07.22.00)
    - React-Core/Default
    - React-cxxreact
    - React-hermes
    - React-jsi
    - React-jsiexecutor
    - React-perflogger
    - React-runtimeexecutor
    - React-utils
    - SocketRocket (= 0.6.1)
    - Yoga
  - React-Core/RCTWebSocket (0.72.14):
    - glog
    - hermes-engine
    - RCT-Folly (= 2021.07.22.00)
    - React-Core/Default (= 0.72.14)
    - React-cxxreact
    - React-hermes
    - React-jsi
    - React-jsiexecutor
    - React-perflogger
    - React-runtimeexecutor
    - React-utils
    - SocketRocket (= 0.6.1)
    - Yoga
  - React-CoreModules (0.72.14):
    - RCT-Folly (= 2021.07.22.00)
    - RCTTypeSafety (= 0.72.14)
    - React-Codegen (= 0.72.14)
    - React-Core/CoreModulesHeaders (= 0.72.14)
    - React-jsi (= 0.72.14)
    - React-RCTBlob
    - React-RCTImage (= 0.72.14)
    - ReactCommon/turbomodule/core (= 0.72.14)
    - SocketRocket (= 0.6.1)
  - React-cxxreact (0.72.14):
    - boost (= 1.76.0)
    - DoubleConversion
    - glog
    - hermes-engine
    - RCT-Folly (= 2021.07.22.00)
    - React-callinvoker (= 0.72.14)
    - React-debug (= 0.72.14)
    - React-jsi (= 0.72.14)
    - React-jsinspector (= 0.72.14)
    - React-logger (= 0.72.14)
    - React-perflogger (= 0.72.14)
    - React-runtimeexecutor (= 0.72.14)
  - React-debug (0.72.14)
  - React-hermes (0.72.14):
    - DoubleConversion
    - glog
    - hermes-engine
    - RCT-Folly (= 2021.07.22.00)
    - RCT-Folly/Futures (= 2021.07.22.00)
    - React-cxxreact (= 0.72.14)
    - React-jsi
    - React-jsiexecutor (= 0.72.14)
    - React-jsinspector (= 0.72.14)
    - React-perflogger (= 0.72.14)
  - React-jsi (0.72.14):
    - boost (= 1.76.0)
    - DoubleConversion
    - glog
    - hermes-engine
    - RCT-Folly (= 2021.07.22.00)
  - React-jsiexecutor (0.72.14):
    - DoubleConversion
    - glog
    - hermes-engine
    - RCT-Folly (= 2021.07.22.00)
    - React-cxxreact (= 0.72.14)
    - React-jsi (= 0.72.14)
    - React-perflogger (= 0.72.14)
  - React-jsinspector (0.72.14)
  - React-logger (0.72.14):
    - glog
  - react-native-nfc-manager (3.15.1):
    - React-Core
  - react-native-safe-area-context (4.10.4):
    - React-Core
  - React-NativeModulesApple (0.72.14):
    - hermes-engine
    - React-callinvoker
    - React-Core
    - React-cxxreact
    - React-jsi
    - React-runtimeexecutor
    - ReactCommon/turbomodule/bridging
    - ReactCommon/turbomodule/core
  - React-perflogger (0.72.14)
  - React-RCTActionSheet (0.72.14):
    - React-Core/RCTActionSheetHeaders (= 0.72.14)
  - React-RCTAnimation (0.72.14):
    - RCT-Folly (= 2021.07.22.00)
    - RCTTypeSafety (= 0.72.14)
    - React-Codegen (= 0.72.14)
    - React-Core/RCTAnimationHeaders (= 0.72.14)
    - React-jsi (= 0.72.14)
    - ReactCommon/turbomodule/core (= 0.72.14)
  - React-RCTAppDelegate (0.72.14):
    - RCT-Folly
    - RCTRequired
    - RCTTypeSafety
    - React-Core
    - React-CoreModules
    - React-hermes
    - React-NativeModulesApple
    - React-RCTImage
    - React-RCTNetwork
    - React-runtimescheduler
    - ReactCommon/turbomodule/core
  - React-RCTBlob (0.72.14):
    - hermes-engine
    - RCT-Folly (= 2021.07.22.00)
    - React-Codegen (= 0.72.14)
    - React-Core/RCTBlobHeaders (= 0.72.14)
    - React-Core/RCTWebSocket (= 0.72.14)
    - React-jsi (= 0.72.14)
    - React-RCTNetwork (= 0.72.14)
    - ReactCommon/turbomodule/core (= 0.72.14)
  - React-RCTImage (0.72.14):
    - RCT-Folly (= 2021.07.22.00)
    - RCTTypeSafety (= 0.72.14)
    - React-Codegen (= 0.72.14)
    - React-Core/RCTImageHeaders (= 0.72.14)
    - React-jsi (= 0.72.14)
    - React-RCTNetwork (= 0.72.14)
    - ReactCommon/turbomodule/core (= 0.72.14)
  - React-RCTLinking (0.72.14):
    - React-Codegen (= 0.72.14)
    - React-Core/RCTLinkingHeaders (= 0.72.14)
    - React-jsi (= 0.72.14)
    - ReactCommon/turbomodule/core (= 0.72.14)
  - React-RCTNetwork (0.72.14):
    - RCT-Folly (= 2021.07.22.00)
    - RCTTypeSafety (= 0.72.14)
    - React-Codegen (= 0.72.14)
    - React-Core/RCTNetworkHeaders (= 0.72.14)
    - React-jsi (= 0.72.14)
    - ReactCommon/turbomodule/core (= 0.72.14)
  - React-RCTSettings (0.72.14):
    - RCT-Folly (= 2021.07.22.00)
    - RCTTypeSafety (= 0.72.14)
    - React-Codegen (= 0.72.14)
    - React-Core/RCTSettingsHeaders (= 0.72.14)
    - React-jsi (= 0.72.14)
    - ReactCommon/turbomodule/core (= 0.72.14)
  - React-RCTText (0.72.14):
    - React-Core/RCTTextHeaders (= 0.72.14)
  - React-RCTVibration (0.72.14):
    - RCT-Folly (= 2021.07.22.00)
    - React-Codegen (= 0.72.14)
    - React-Core/RCTVibrationHeaders (= 0.72.14)
    - React-jsi (= 0.72.14)
    - ReactCommon/turbomodule/core (= 0.72.14)
  - React-rncore (0.72.14)
  - React-runtimeexecutor (0.72.14):
    - React-jsi (= 0.72.14)
  - React-runtimescheduler (0.72.14):
    - glog
    - hermes-engine
    - RCT-Folly (= 2021.07.22.00)
    - React-callinvoker
    - React-debug
    - React-jsi
    - React-runtimeexecutor
  - React-utils (0.72.14):
    - glog
    - RCT-Folly (= 2021.07.22.00)
    - React-debug
  - ReactCommon/turbomodule/bridging (0.72.14):
    - DoubleConversion
    - glog
    - hermes-engine
    - RCT-Folly (= 2021.07.22.00)
    - React-callinvoker (= 0.72.14)
    - React-cxxreact (= 0.72.14)
    - React-jsi (= 0.72.14)
    - React-logger (= 0.72.14)
    - React-perflogger (= 0.72.14)
  - ReactCommon/turbomodule/core (0.72.14):
    - DoubleConversion
    - glog
    - hermes-engine
    - RCT-Folly (= 2021.07.22.00)
    - React-callinvoker (= 0.72.14)
    - React-cxxreact (= 0.72.14)
    - React-jsi (= 0.72.14)
    - React-logger (= 0.72.14)
    - React-perflogger (= 0.72.14)
  - RNCAsyncStorage (1.23.1):
    - React-Core
  - RNCPushNotificationIOS (1.11.0):
    - React-Core
  - RNDeviceInfo (11.1.0):
    - React-Core
  - RNGestureHandler (2.16.2):
    - RCT-Folly (= 2021.07.22.00)
    - React-Core
  - RNScreens (3.31.1):
    - RCT-Folly (= 2021.07.22.00)
    - React-Core
    - React-RCTImage
  - RNVectorIcons (10.1.0):
    - RCT-Folly (= 2021.07.22.00)
    - React-Core
  - SocketRocket (0.6.1)
  - Yoga (1.14.0)

DEPENDENCIES:
  - boost (from `../node_modules/react-native/third-party-podspecs/boost.podspec`)
  - DoubleConversion (from `../node_modules/react-native/third-party-podspecs/DoubleConversion.podspec`)
  - FBLazyVector (from `../node_modules/react-native/Libraries/FBLazyVector`)
  - FBReactNativeSpec (from `../node_modules/react-native/React/FBReactNativeSpec`)
  - glog (from `../node_modules/react-native/third-party-podspecs/glog.podspec`)
  - hermes-engine (from `../node_modules/react-native/sdks/hermes-engine/hermes-engine.podspec`)
  - libevent (~> 2.1.12)
  - RCT-Folly (from `../node_modules/react-native/third-party-podspecs/RCT-Folly.podspec`)
  - RCTRequired (from `../node_modules/react-native/Libraries/RCTRequired`)
  - RCTTypeSafety (from `../node_modules/react-native/Libraries/TypeSafety`)
  - React (from `../node_modules/react-native/`)
  - React-callinvoker (from `../node_modules/react-native/ReactCommon/callinvoker`)
  - React-Codegen (from `build/generated/ios`)
  - React-Core (from `../node_modules/react-native/`)
  - React-Core/RCTWebSocket (from `../node_modules/react-native/`)
  - React-CoreModules (from `../node_modules/react-native/React/CoreModules`)
  - React-cxxreact (from `../node_modules/react-native/ReactCommon/cxxreact`)
  - React-debug (from `../node_modules/react-native/ReactCommon/react/debug`)
  - React-hermes (from `../node_modules/react-native/ReactCommon/hermes`)
  - React-jsi (from `../node_modules/react-native/ReactCommon/jsi`)
  - React-jsiexecutor (from `../node_modules/react-native/ReactCommon/jsiexecutor`)
  - React-jsinspector (from `../node_modules/react-native/ReactCommon/jsinspector`)
  - React-logger (from `../node_modules/react-native/ReactCommon/logger`)
  - react-native-nfc-manager (from `../node_modules/react-native-nfc-manager`)
  - react-native-safe-area-context (from `../node_modules/react-native-safe-area-context`)
  - React-NativeModulesApple (from `../node_modules/react-native/ReactCommon/react/nativemodule/core/platform/ios`)
  - React-perflogger (from `../node_modules/react-native/ReactCommon/reactperflogger`)
  - React-RCTActionSheet (from `../node_modules/react-native/Libraries/ActionSheetIOS`)
  - React-RCTAnimation (from `../node_modules/react-native/Libraries/NativeAnimation`)
  - React-RCTAppDelegate (from `../node_modules/react-native/Libraries/AppDelegate`)
  - React-RCTBlob (from `../node_modules/react-native/Libraries/Blob`)
  - React-RCTImage (from `../node_modules/react-native/Libraries/Image`)
  - React-RCTLinking (from `../node_modules/react-native/Libraries/LinkingIOS`)
  - React-RCTNetwork (from `../node_modules/react-native/Libraries/Network`)
  - React-RCTSettings (from `../node_modules/react-native/Libraries/Settings`)
  - React-RCTText (from `../node_modules/react-native/Libraries/Text`)
  - React-RCTVibration (from `../node_modules/react-native/Libraries/Vibration`)
  - React-rncore (from `../node_modules/react-native/ReactCommon`)
  - React-runtimeexecutor (from `../node_modules/react-native/ReactCommon/runtimeexecutor`)
  - React-runtimescheduler (from `../node_modules/react-native/ReactCommon/react/renderer/runtimescheduler`)
  - React-utils (from `../node_modules/react-native/ReactCommon/react/utils`)
  - ReactCommon/turbomodule/core (from `../node_modules/react-native/ReactCommon`)
  - "RNCAsyncStorage (from `../node_modules/@react-native-async-storage/async-storage`)"
  - "RNCPushNotificationIOS (from `../node_modules/@react-native-community/push-notification-ios`)"
  - RNDeviceInfo (from `../node_modules/react-native-device-info`)
  - RNGestureHandler (from `../node_modules/react-native-gesture-handler`)
  - RNScreens (from `../node_modules/react-native-screens`)
  - RNVectorIcons (from `../node_modules/react-native-vector-icons`)
  - Yoga (from `../node_modules/react-native/ReactCommon/yoga`)

SPEC REPOS:
  trunk:
    - fmt
    - libevent
    - SocketRocket

EXTERNAL SOURCES:
  boost:
    :podspec: "../node_modules/react-native/third-party-podspecs/boost.podspec"
  DoubleConversion:
    :podspec: "../node_modules/react-native/third-party-podspecs/DoubleConversion.podspec"
  FBLazyVector:
    :path: "../node_modules/react-native/Libraries/FBLazyVector"
  FBReactNativeSpec:
    :path: "../node_modules/react-native/React/FBReactNativeSpec"
  glog:
    :podspec: "../node_modules/react-native/third-party-podspecs/glog.podspec"
  hermes-engine:
    :podspec: "../node_modules/react-native/sdks/hermes-engine/hermes-engine.podspec"
  RCT-Folly:
    :podspec: "../node_modules/react-native/third-party-podspecs/RCT-Folly.podspec"
  RCTRequired:
    :path: "../node_modules/react-native/Libraries/RCTRequired"
  RCTTypeSafety:
    :path: "../node_modules/react-native/Libraries/TypeSafety"
  React:
    :path: "../node_modules/react-native/"
  React-callinvoker:
    :path: "../node_modules/react-native/ReactCommon/callinvoker"
  React-Codegen:
    :path: build/generated/ios
  React-Core:
    :path: "../node_modules/react-native/"
  React-CoreModules:
    :path: "../node_modules/react-native/React/CoreModules"
  React-cxxreact:
    :path: "../node_modules/react-native/ReactCommon/cxxreact"
  React-debug:
    :path: "../node_modules/react-native/ReactCommon/react/debug"
  React-hermes:
    :path: "../node_modules/react-native/ReactCommon/hermes"
  React-jsi:
    :path: "../node_modules/react-native/ReactCommon/jsi"
  React-jsiexecutor:
    :path: "../node_modules/react-native/ReactCommon/jsiexecutor"
  React-jsinspector:
    :path: "../node_modules/react-native/ReactCommon/jsinspector"
  React-logger:
    :path: "../node_modules/react-native/ReactCommon/logger"
  react-native-nfc-manager:
    :path: "../node_modules/react-native-nfc-manager"
  react-native-safe-area-context:
    :path: "../node_modules/react-native-safe-area-context"
  React-NativeModulesApple:
    :path: "../node_modules/react-native/ReactCommon/react/nativemodule/core/platform/ios"
  React-perflogger:
    :path: "../node_modules/react-native/ReactCommon/reactperflogger"
  React-RCTActionSheet:
    :path: "../node_modules/react-native/Libraries/ActionSheetIOS"
  React-RCTAnimation:
    :path: "../node_modules/react-native/Libraries/NativeAnimation"
  React-RCTAppDelegate:
    :path: "../node_modules/react-native/Libraries/AppDelegate"
  React-RCTBlob:
    :path: "../node_modules/react-native/Libraries/Blob"
  React-RCTImage:
    :path: "../node_modules/react-native/Libraries/Image"
  React-RCTLinking:
    :path: "../node_modules/react-native/Libraries/LinkingIOS"
  React-RCTNetwork:
    :path: "../node_modules/react-native/Libraries/Network"
  React-RCTSettings:
    :path: "../node_modules/react-native/Libraries/Settings"
  React-RCTText:
    :path: "../node_modules/react-native/Libraries/Text"
  React-RCTVibration:
    :path: "../node_modules/react-native/Libraries/Vibration"
  React-rncore:
    :path: "../node_modules/react-native/ReactCommon"
  React-runtimeexecutor:
    :path: "../node_modules/react-native/ReactCommon/runtimeexecutor"
  React-runtimescheduler:
    :path: "../node_modules/react-native/ReactCommon/react/renderer/runtimescheduler"
  React-utils:
    :path: "../node_modules/react-native/ReactCommon/react/utils"
  ReactCommon:
    :path: "../node_modules/react-native/ReactCommon"
  RNCAsyncStorage:
    :path: "../node_modules/@react-native-async-storage/async-storage"
  RNCPushNotificationIOS:
    :path: "../node_modules/@react-native-community/push-notification-ios"
  RNDeviceInfo:
    :path: "../node_modules/react-native-device-info"
  RNGestureHandler:
    :path: "../node_modules/react-native-gesture-handler"
  RNScreens:
    :path: "../node_modules/react-native-screens"
  RNVectorIcons:
    :path: "../node_modules/react-native-vector-icons"
  Yoga:
    :path: "../node_modules/react-native/ReactCommon/yoga"

SPEC CHECKSUMS:
  boost: 7dcd2de282d72e344012f7d6564d024930a6a440
  DoubleConversion: 5189b271737e1565bdce30deb4a08d647e3f5f54
  FBLazyVector: d98eefb42c5a64cb28ef966bd9096c76770d8f24
  FBReactNativeSpec: 53d4eb00e8e1b6e987a3dd5906d2afe131cc54c8
  fmt: ff9d55029c625d3757ed641535fd4a75fedc7ce9
  glog: 04b94705f318337d7ead9e6d17c019bd9b1f6b1b
  hermes-engine: b213bace5f31766ad1434d2d9b2cbf04cf92a2b6
  libevent: 4049cae6c81cdb3654a443be001fb9bdceff7913
  RCT-Folly: 424b8c9a7a0b9ab2886ffe9c3b041ef628fd4fb1
  RCTRequired: 264adaca1d8b1a9c078761891898d4142df05313
  RCTTypeSafety: 279a89da7058a69899778a127be73fab38b84499
  React: 725b4e11f6ffb43d6f9b14e82879073623db4071
  React-callinvoker: c2ba5e7e1187d0f37705b9dcaaf9bbf24d3fe9dc
  React-Codegen: 590303f222cffc109dc0d122854fa8281fa536b7
  React-Core: 89fe417d4957766ef20b4bec921a0721e914d988
  React-CoreModules: 57ea4ca8627be90b1a29916e0640d879e5684305
  React-cxxreact: 8bcd7336084fbaaad0304935896f2cb62659894d
  React-debug: d360c17c84e514b9143e78217072183d4fcfb9c0
  React-hermes: d2e7945d1b480a2e732d64303564d9870edf22e9
  React-jsi: 53bff70353449aa006546c00024736de3ed66219
  React-jsiexecutor: e9a70be9304ef2e66eeebac35710f958b076dc14
  React-jsinspector: 275d9f80210f15f0af9a4b7fd5683fab9738e28e
  React-logger: 8da4802de77a0eb62512396ad6bb1769904c2f0e
  react-native-nfc-manager: 3134770f9afcb586c0ae859e747fda3106ec1f76
  react-native-safe-area-context: 399a5859f6acbdf67f671c69b53113f535f3b5b0
  React-NativeModulesApple: 3107f777453f953906d9ba9dc5f8cbd91a6ef913
  React-perflogger: daabc494c6328efc1784a4b49b8b74fca305d11c
  React-RCTActionSheet: 0e0e64a7cf6c07f1de73d1f0a92d26a70262b256
  React-RCTAnimation: faef65b19e73029c4828167985b0a7c01c62756d
  React-RCTAppDelegate: b24e761d235760656226364bb259e3f1508559c2
  React-RCTBlob: 9e9784a84b824b6d7e2cce05a8087c8c3a47a559
  React-RCTImage: 15e211cbb629210ab9c1fa37e07e7100362b12ed
  React-RCTLinking: 50d5faf19b02541cefb78ee5d505029283c8ef95
  React-RCTNetwork: dfa9fb4ad2ae459b9193a14204b1d9da907d15a7
  React-RCTSettings: 37611fa97d44a9c5a7ea844cfb953d3513f7ace0
  React-RCTText: 39ed334f64484d07b85a8159cf117814ff069ff6
  React-RCTVibration: 62462803b5fe0842e0be6d9ef86dd74e0df4a614
  React-rncore: 25ad3a3c1e0f4edf77913b9af3af9f497b7f99a5
  React-runtimeexecutor: e5c2f0a1493d72c61b97465ccfedc339157b3179
  React-runtimescheduler: f284b4fdad43fe811041129099f1339b54783135
  React-utils: 22a77b05da25ce49c744faa82e73856dcae1734e
  ReactCommon: ff94462e007c568d8cdebc32e3c97af86ec93bb5
  RNCAsyncStorage: 826b603ae9c0f88b5ac4e956801f755109fa4d5c
  RNCPushNotificationIOS: 64218f3c776c03d7408284a819b2abfda1834bc8
  RNDeviceInfo: b899ce37a403a4dea52b7cb85e16e49c04a5b88e
  RNGestureHandler: 982741f345785f2927e7b28f67dc83679cf3bfc8
  RNScreens: b8d370282cdeae9df85dd5eab20c88eb5181243b
  RNVectorIcons: 32462e7c7e58fe457474fc79c4d7de3f0ef08d70
  SocketRocket: f32cd54efbe0f095c4d7594881e52619cfe80b17
  Yoga: c32e0be1a17f8f1f0e633a3122f7666441f52c82

PODFILE CHECKSUM: 5615507ac09bad74d7bb6bce48aeffb49071e5e7

COCOAPODS: 1.15.2
